
Microsoft Visual Studio Solution File, Format Version 12.00
Project("{2150E333-8FDC-42A3-9474-1A3956D46DE8}") = "src", "src", "{2FDAE6A9-7534-454D-8AEA-A86CBD93DCE8}"
EndProject
Project("{FAE04EC0-301F-11D3-BF4B-00C04F79EFBC}") = "Domain", "src\Domain\Domain.csproj", "{68377964-F1F1-4DC0-A905-E302413B545B}"
EndProject
Project("{FAE04EC0-301F-11D3-BF4B-00C04F79EFBC}") = "Application", "src\Application\Application.csproj", "{6894C1FC-71A2-428D-BEEB-FB8C6C0031CF}"
EndProject
Project("{FAE04EC0-301F-11D3-BF4B-00C04F79EFBC}") = "Infrastructure", "src\Infrastructure\Infrastructure.csproj", "{ADEF8052-52C9-4815-A67E-F3F9C3C01F80}"
EndProject
Project("{FAE04EC0-301F-11D3-BF4B-00C04F79EFBC}") = "API", "src\API\API.csproj", "{74EAB3A6-2895-418B-ABF7-15A7D75B31C4}"
EndProject
Global
	GlobalSection(SolutionConfigurationPlatforms) = preSolution
		Debug|Any CPU = Debug|Any CPU
		Debug|x64 = Debug|x64
		Debug|x86 = Debug|x86
		Release|Any CPU = Release|Any CPU
		Release|x64 = Release|x64
		Release|x86 = Release|x86
	EndGlobalSection
	GlobalSection(ProjectConfigurationPlatforms) = postSolution
		{68377964-F1F1-4DC0-A905-E302413B545B}.Debug|Any CPU.ActiveCfg = Debug|Any CPU
		{68377964-F1F1-4DC0-A905-E302413B545B}.Debug|Any CPU.Build.0 = Debug|Any CPU
		{68377964-F1F1-4DC0-A905-E302413B545B}.Debug|x64.ActiveCfg = Debug|Any CPU
		{68377964-F1F1-4DC0-A905-E302413B545B}.Debug|x64.Build.0 = Debug|Any CPU
		{68377964-F1F1-4DC0-A905-E302413B545B}.Debug|x86.ActiveCfg = Debug|Any CPU
		{68377964-F1F1-4DC0-A905-E302413B545B}.Debug|x86.Build.0 = Debug|Any CPU
		{68377964-F1F1-4DC0-A905-E302413B545B}.Release|Any CPU.ActiveCfg = Release|Any CPU
		{68377964-F1F1-4DC0-A905-E302413B545B}.Release|Any CPU.Build.0 = Release|Any CPU
		{68377964-F1F1-4DC0-A905-E302413B545B}.Release|x64.ActiveCfg = Release|Any CPU
		{68377964-F1F1-4DC0-A905-E302413B545B}.Release|x64.Build.0 = Release|Any CPU
		{68377964-F1F1-4DC0-A905-E302413B545B}.Release|x86.ActiveCfg = Release|Any CPU
		{68377964-F1F1-4DC0-A905-E302413B545B}.Release|x86.Build.0 = Release|Any CPU
		{6894C1FC-71A2-428D-BEEB-FB8C6C0031CF}.Debug|Any CPU.ActiveCfg = Debug|Any CPU
		{6894C1FC-71A2-428D-BEEB-FB8C6C0031CF}.Debug|Any CPU.Build.0 = Debug|Any CPU
		{6894C1FC-71A2-428D-BEEB-FB8C6C0031CF}.Debug|x64.ActiveCfg = Debug|Any CPU
		{6894C1FC-71A2-428D-BEEB-FB8C6C0031CF}.Debug|x64.Build.0 = Debug|Any CPU
		{6894C1FC-71A2-428D-BEEB-FB8C6C0031CF}.Debug|x86.ActiveCfg = Debug|Any CPU
		{6894C1FC-71A2-428D-BEEB-FB8C6C0031CF}.Debug|x86.Build.0 = Debug|Any CPU
		{6894C1FC-71A2-428D-BEEB-FB8C6C0031CF}.Release|Any CPU.ActiveCfg = Release|Any CPU
		{6894C1FC-71A2-428D-BEEB-FB8C6C0031CF}.Release|Any CPU.Build.0 = Release|Any CPU
		{6894C1FC-71A2-428D-BEEB-FB8C6C0031CF}.Release|x64.ActiveCfg = Release|Any CPU
		{6894C1FC-71A2-428D-BEEB-FB8C6C0031CF}.Release|x64.Build.0 = Release|Any CPU
		{6894C1FC-71A2-428D-BEEB-FB8C6C0031CF}.Release|x86.ActiveCfg = Release|Any CPU
		{6894C1FC-71A2-428D-BEEB-FB8C6C0031CF}.Release|x86.Build.0 = Release|Any CPU
		{ADEF8052-52C9-4815-A67E-F3F9C3C01F80}.Debug|Any CPU.ActiveCfg = Debug|Any CPU
		{ADEF8052-52C9-4815-A67E-F3F9C3C01F80}.Debug|Any CPU.Build.0 = Debug|Any CPU
		{ADEF8052-52C9-4815-A67E-F3F9C3C01F80}.Debug|x64.ActiveCfg = Debug|Any CPU
		{ADEF8052-52C9-4815-A67E-F3F9C3C01F80}.Debug|x64.Build.0 = Debug|Any CPU
		{ADEF8052-52C9-4815-A67E-F3F9C3C01F80}.Debug|x86.ActiveCfg = Debug|Any CPU
		{ADEF8052-52C9-4815-A67E-F3F9C3C01F80}.Debug|x86.Build.0 = Debug|Any CPU
		{ADEF8052-52C9-4815-A67E-F3F9C3C01F80}.Release|Any CPU.ActiveCfg = Release|Any CPU
		{ADEF8052-52C9-4815-A67E-F3F9C3C01F80}.Release|Any CPU.Build.0 = Release|Any CPU
		{ADEF8052-52C9-4815-A67E-F3F9C3C01F80}.Release|x64.ActiveCfg = Release|Any CPU
		{ADEF8052-52C9-4815-A67E-F3F9C3C01F80}.Release|x64.Build.0 = Release|Any CPU
		{ADEF8052-52C9-4815-A67E-F3F9C3C01F80}.Release|x86.ActiveCfg = Release|Any CPU
		{ADEF8052-52C9-4815-A67E-F3F9C3C01F80}.Release|x86.Build.0 = Release|Any CPU
		{74EAB3A6-2895-418B-ABF7-15A7D75B31C4}.Debug|Any CPU.ActiveCfg = Debug|Any CPU
		{74EAB3A6-2895-418B-ABF7-15A7D75B31C4}.Debug|Any CPU.Build.0 = Debug|Any CPU
		{74EAB3A6-2895-418B-ABF7-15A7D75B31C4}.Debug|x64.ActiveCfg = Debug|Any CPU
		{74EAB3A6-2895-418B-ABF7-15A7D75B31C4}.Debug|x64.Build.0 = Debug|Any CPU
		{74EAB3A6-2895-418B-ABF7-15A7D75B31C4}.Debug|x86.ActiveCfg = Debug|Any CPU
		{74EAB3A6-2895-418B-ABF7-15A7D75B31C4}.Debug|x86.Build.0 = Debug|Any CPU
		{74EAB3A6-2895-418B-ABF7-15A7D75B31C4}.Release|Any CPU.ActiveCfg = Release|Any CPU
		{74EAB3A6-2895-418B-ABF7-15A7D75B31C4}.Release|Any CPU.Build.0 = Release|Any CPU
		{74EAB3A6-2895-418B-ABF7-15A7D75B31C4}.Release|x64.ActiveCfg = Release|Any CPU
		{74EAB3A6-2895-418B-ABF7-15A7D75B31C4}.Release|x64.Build.0 = Release|Any CPU
		{74EAB3A6-2895-418B-ABF7-15A7D75B31C4}.Release|x86.ActiveCfg = Release|Any CPU
		{74EAB3A6-2895-418B-ABF7-15A7D75B31C4}.Release|x86.Build.0 = Release|Any CPU
	EndGlobalSection
	GlobalSection(SolutionProperties) = preSolution
		HideSolutionNode = FALSE
	EndGlobalSection
	GlobalSection(NestedProjects) = preSolution
		{68377964-F1F1-4DC0-A905-E302413B545B} = {2FDAE6A9-7534-454D-8AEA-A86CBD93DCE8}
		{6894C1FC-71A2-428D-BEEB-FB8C6C0031CF} = {2FDAE6A9-7534-454D-8AEA-A86CBD93DCE8}
		{ADEF8052-52C9-4815-A67E-F3F9C3C01F80} = {2FDAE6A9-7534-454D-8AEA-A86CBD93DCE8}
		{74EAB3A6-2895-418B-ABF7-15A7D75B31C4} = {2FDAE6A9-7534-454D-8AEA-A86CBD93DCE8}
	EndGlobalSection
EndGlobal
